
Microsoft Visual Studio Solution File, Format Version 12.00
Project("{FAE04EC0-301F-11D3-BF4B-00C04F79EFBC}") = "AppUsandoGit", "AppUsandoGit.csproj", "{5160DA98-B2A9-4810-B2B2-233C7BD348AB}"
EndProject
Global
	GlobalSection(SolutionConfigurationPlatforms) = preSolution
		Debug|Any CPU = Debug|Any CPU
		Release|Any CPU = Release|Any CPU
	EndGlobalSection
	GlobalSection(ProjectConfigurationPlatforms) = postSolution
		{5160DA98-B2A9-4810-B2B2-233C7BD348AB}.Debug|Any CPU.ActiveCfg = Debug|Any CPU
		{5160DA98-B2A9-4810-B2B2-233C7BD348AB}.Debug|Any CPU.Build.0 = Debug|Any CPU
		{5160DA98-B2A9-4810-B2B2-233C7BD348AB}.Release|Any CPU.ActiveCfg = Release|Any CPU
		{5160DA98-B2A9-4810-B2B2-233C7BD348AB}.Release|Any CPU.Build.0 = Release|Any CPU
	EndGlobalSection
EndGlobal
