
Microsoft Visual Studio Solution File, Format Version 12.00
# Visual Studio Version 17
VisualStudioVersion = 17.14.36414.22 d17.14
MinimumVisualStudioVersion = 10.0.40219.1
Project("{FAE04EC0-301F-11D3-BF4B-00C04F79EFBC}") = "SpaceXDashboard", "SpaceXDashboard\SpaceXDashboard.csproj", "{457CA377-2FF4-43FF-AAE0-0078324075B5}"
EndProject
Global
	GlobalSection(SolutionConfigurationPlatforms) = preSolution
		Debug|Any CPU = Debug|Any CPU
		Release|Any CPU = Release|Any CPU
	EndGlobalSection
	GlobalSection(ProjectConfigurationPlatforms) = postSolution
		{457CA377-2FF4-43FF-AAE0-0078324075B5}.Debug|Any CPU.ActiveCfg = Debug|Any CPU
		{457CA377-2FF4-43FF-AAE0-0078324075B5}.Debug|Any CPU.Build.0 = Debug|Any CPU
		{457CA377-2FF4-43FF-AAE0-0078324075B5}.Release|Any CPU.ActiveCfg = Release|Any CPU
		{457CA377-2FF4-43FF-AAE0-0078324075B5}.Release|Any CPU.Build.0 = Release|Any CPU
	EndGlobalSection
	GlobalSection(SolutionProperties) = preSolution
		HideSolutionNode = FALSE
	EndGlobalSection
	GlobalSection(ExtensibilityGlobals) = postSolution
		SolutionGuid = {6DBFB7E9-2D5C-444D-9018-EB5DD1A90BEE}
	EndGlobalSection
EndGlobal
